// !$*UTF8*$!
{
	archiveVersion = 1;
	classes = {
	};
	objectVersion = 46;
	objects = {

/* Begin PBXBuildFile section */
		3C0DC5BB1F5652B800CA14F9 /* libglfw.3.2.dylib in Frameworks */ = {isa = PBXBuildFile; fileRef = 3C0DC5BA1F5652B800CA14F9 /* libglfw.3.2.dylib */; };
		3C0DC5BF1F5653E500CA14F9 /* normalTexture.frag in Resources */ = {isa = PBXBuildFile; fileRef = 3C0DC5BE1F5653E500CA14F9 /* normalTexture.frag */; };
		3C0DC5C11F56572700CA14F9 /* DirtGrass.png in Resources */ = {isa = PBXBuildFile; fileRef = 3C0DC5C01F56572700CA14F9 /* DirtGrass.png */; };
		3C0DC5C31F5688C500CA14F9 /* sky.png in Resources */ = {isa = PBXBuildFile; fileRef = 3C0DC5C21F5688C500CA14F9 /* sky.png */; };
		3C0DC5C61F568C0400CA14F9 /* skybox.frag in Resources */ = {isa = PBXBuildFile; fileRef = 3C0DC5C41F568C0400CA14F9 /* skybox.frag */; };
		3C0DC5C71F568C0400CA14F9 /* skybox.vert in Resources */ = {isa = PBXBuildFile; fileRef = 3C0DC5C51F568C0400CA14F9 /* skybox.vert */; };
		3C0DC5CE1F569FFA00CA14F9 /* skybox_back.png in Resources */ = {isa = PBXBuildFile; fileRef = 3C0DC5C81F569FFA00CA14F9 /* skybox_back.png */; };
		3C0DC5CF1F569FFA00CA14F9 /* skybox_bottom.png in Resources */ = {isa = PBXBuildFile; fileRef = 3C0DC5C91F569FFA00CA14F9 /* skybox_bottom.png */; };
		3C0DC5D01F569FFA00CA14F9 /* skybox_front.png in Resources */ = {isa = PBXBuildFile; fileRef = 3C0DC5CA1F569FFA00CA14F9 /* skybox_front.png */; };
		3C0DC5D11F569FFA00CA14F9 /* skybox_left.png in Resources */ = {isa = PBXBuildFile; fileRef = 3C0DC5CB1F569FFA00CA14F9 /* skybox_left.png */; };
		3C0DC5D21F569FFA00CA14F9 /* skybox_right.png in Resources */ = {isa = PBXBuildFile; fileRef = 3C0DC5CC1F569FFA00CA14F9 /* skybox_right.png */; };
		3C0DC5D31F569FFA00CA14F9 /* skybox_top.png in Resources */ = {isa = PBXBuildFile; fileRef = 3C0DC5CD1F569FFA00CA14F9 /* skybox_top.png */; };
		3C103D431F43F84E00935C61 /* grass.png in Resources */ = {isa = PBXBuildFile; fileRef = 3C103D421F43F84E00935C61 /* grass.png */; };
		3C103D4B1F4404F600935C61 /* libSOIL.dylib in Frameworks */ = {isa = PBXBuildFile; fileRef = 3C103D4A1F4404F600935C61 /* libSOIL.dylib */; };
		3C103D4D1F44050800935C61 /* libSOIL.a in Frameworks */ = {isa = PBXBuildFile; fileRef = 3C103D4C1F44050800935C61 /* libSOIL.a */; };
		3C6C0DEA1F44130700A87ECD /* dirt.jpg in Resources */ = {isa = PBXBuildFile; fileRef = 3C6C0DE91F44130700A87ECD /* dirt.jpg */; };
		3C6C0DEC1F4418EE00A87ECD /* water.frag in Resources */ = {isa = PBXBuildFile; fileRef = 3C6C0DEB1F4418EE00A87ECD /* water.frag */; };
		3C94D7BF1F429B7A00F211FC /* OpenGL.framework in Frameworks */ = {isa = PBXBuildFile; fileRef = 3C94D7BE1F429B7A00F211FC /* OpenGL.framework */; };
		3C94D7C11F429B8100F211FC /* GLUT.framework in Frameworks */ = {isa = PBXBuildFile; fileRef = 3C94D7C01F429B8100F211FC /* GLUT.framework */; };
		3C94D7C51F429CF500F211FC /* libGLEW.2.1.0.dylib in Frameworks */ = {isa = PBXBuildFile; fileRef = 3C94D7C41F429CF500F211FC /* libGLEW.2.1.0.dylib */; };
		3C94D7CE1F42A01600F211FC /* minimal.vert in Resources */ = {isa = PBXBuildFile; fileRef = 3C94D7CD1F42A01600F211FC /* minimal.vert */; };
		3C94D7D01F42A04300F211FC /* minimal.frag in Resources */ = {isa = PBXBuildFile; fileRef = 3C94D7CF1F42A04300F211FC /* minimal.frag */; };
		3CA1E4C31F428E8D00B338EB /* ResourcePath.mm in Sources */ = {isa = PBXBuildFile; fileRef = 3CA1E4C21F428E8D00B338EB /* ResourcePath.mm */; };
		3CA1E4C61F428E8D00B338EB /* main.cpp in Sources */ = {isa = PBXBuildFile; fileRef = 3CA1E4C51F428E8D00B338EB /* main.cpp */; };
		3CEAF30B1F468E0A0004CC7E /* color.frag in Resources */ = {isa = PBXBuildFile; fileRef = 3CEAF3081F468E0A0004CC7E /* color.frag */; };
		3CEAF30C1F468E0A0004CC7E /* minimalTex.vert in Resources */ = {isa = PBXBuildFile; fileRef = 3CEAF3091F468E0A0004CC7E /* minimalTex.vert */; };
		3CEAF30D1F468E0A0004CC7E /* water.jpg in Resources */ = {isa = PBXBuildFile; fileRef = 3CEAF30A1F468E0A0004CC7E /* water.jpg */; };
/* End PBXBuildFile section */

/* Begin PBXCopyFilesBuildPhase section */
		3C94D7CA1F429F8200F211FC /* CopyFiles */ = {
			isa = PBXCopyFilesBuildPhase;
			buildActionMask = 2147483647;
			dstPath = "";
			dstSubfolderSpec = 16;
			files = (
			);
			runOnlyForDeploymentPostprocessing = 0;
		};
/* End PBXCopyFilesBuildPhase section */

/* Begin PBXFileReference section */
		3C00EF5E1F57EA1C00B71332 /* Shader.h */ = {isa = PBXFileReference; fileEncoding = 4; lastKnownFileType = sourcecode.c.h; path = Shader.h; sourceTree = "<group>"; };
		3C00EF5F1F57EA3A00B71332 /* Player.h */ = {isa = PBXFileReference; fileEncoding = 4; lastKnownFileType = sourcecode.c.h; path = Player.h; sourceTree = "<group>"; };
		3C00EF601F57EB2F00B71332 /* Camera.h */ = {isa = PBXFileReference; fileEncoding = 4; lastKnownFileType = sourcecode.c.h; path = Camera.h; sourceTree = "<group>"; };
		3C00EF611F57EB9A00B71332 /* Game.h */ = {isa = PBXFileReference; fileEncoding = 4; lastKnownFileType = sourcecode.c.h; path = Game.h; sourceTree = "<group>"; };
		3C0DC5BA1F5652B800CA14F9 /* libglfw.3.2.dylib */ = {isa = PBXFileReference; lastKnownFileType = "compiled.mach-o.dylib"; name = libglfw.3.2.dylib; path = ../../../../../../usr/local/Cellar/glfw/3.2.1/lib/libglfw.3.2.dylib; sourceTree = "<group>"; };
		3C0DC5BE1F5653E500CA14F9 /* normalTexture.frag */ = {isa = PBXFileReference; fileEncoding = 4; lastKnownFileType = sourcecode.glsl; path = normalTexture.frag; sourceTree = "<group>"; };
		3C0DC5C01F56572700CA14F9 /* DirtGrass.png */ = {isa = PBXFileReference; lastKnownFileType = image.png; path = DirtGrass.png; sourceTree = "<group>"; };
		3C0DC5C21F5688C500CA14F9 /* sky.png */ = {isa = PBXFileReference; lastKnownFileType = image.png; path = sky.png; sourceTree = "<group>"; };
		3C0DC5C41F568C0400CA14F9 /* skybox.frag */ = {isa = PBXFileReference; fileEncoding = 4; lastKnownFileType = sourcecode.glsl; path = skybox.frag; sourceTree = "<group>"; };
		3C0DC5C51F568C0400CA14F9 /* skybox.vert */ = {isa = PBXFileReference; fileEncoding = 4; lastKnownFileType = sourcecode.glsl; path = skybox.vert; sourceTree = "<group>"; };
		3C0DC5C81F569FFA00CA14F9 /* skybox_back.png */ = {isa = PBXFileReference; lastKnownFileType = image.png; path = skybox_back.png; sourceTree = "<group>"; };
		3C0DC5C91F569FFA00CA14F9 /* skybox_bottom.png */ = {isa = PBXFileReference; lastKnownFileType = image.png; path = skybox_bottom.png; sourceTree = "<group>"; };
		3C0DC5CA1F569FFA00CA14F9 /* skybox_front.png */ = {isa = PBXFileReference; lastKnownFileType = image.png; path = skybox_front.png; sourceTree = "<group>"; };
		3C0DC5CB1F569FFA00CA14F9 /* skybox_left.png */ = {isa = PBXFileReference; lastKnownFileType = image.png; path = skybox_left.png; sourceTree = "<group>"; };
		3C0DC5CC1F569FFA00CA14F9 /* skybox_right.png */ = {isa = PBXFileReference; lastKnownFileType = image.png; path = skybox_right.png; sourceTree = "<group>"; };
		3C0DC5CD1F569FFA00CA14F9 /* skybox_top.png */ = {isa = PBXFileReference; lastKnownFileType = image.png; path = skybox_top.png; sourceTree = "<group>"; };
		3C103D421F43F84E00935C61 /* grass.png */ = {isa = PBXFileReference; lastKnownFileType = image.png; path = grass.png; sourceTree = "<group>"; };
		3C103D4A1F4404F600935C61 /* libSOIL.dylib */ = {isa = PBXFileReference; lastKnownFileType = "compiled.mach-o.dylib"; name = libSOIL.dylib; path = ../../../../../../opt/local/lib/libSOIL.dylib; sourceTree = "<group>"; };
		3C103D4C1F44050800935C61 /* libSOIL.a */ = {isa = PBXFileReference; lastKnownFileType = archive.ar; name = libSOIL.a; path = ../../../../../../opt/local/lib/libSOIL.a; sourceTree = "<group>"; };
		3C6C0DE91F44130700A87ECD /* dirt.jpg */ = {isa = PBXFileReference; lastKnownFileType = image.jpeg; path = dirt.jpg; sourceTree = "<group>"; };
		3C6C0DEB1F4418EE00A87ECD /* water.frag */ = {isa = PBXFileReference; fileEncoding = 4; lastKnownFileType = sourcecode.glsl; path = water.frag; sourceTree = "<group>"; };
		3C94D7BE1F429B7A00F211FC /* OpenGL.framework */ = {isa = PBXFileReference; lastKnownFileType = wrapper.framework; name = OpenGL.framework; path = System/Library/Frameworks/OpenGL.framework; sourceTree = SDKROOT; };
		3C94D7C01F429B8100F211FC /* GLUT.framework */ = {isa = PBXFileReference; lastKnownFileType = wrapper.framework; name = GLUT.framework; path = System/Library/Frameworks/GLUT.framework; sourceTree = SDKROOT; };
		3C94D7C21F429CC300F211FC /* lib */ = {isa = PBXFileReference; lastKnownFileType = folder; name = lib; path = ../../../../../../usr/local/Cellar/glew/2.1.0/lib; sourceTree = "<group>"; };
		3C94D7C41F429CF500F211FC /* libGLEW.2.1.0.dylib */ = {isa = PBXFileReference; lastKnownFileType = "compiled.mach-o.dylib"; name = libGLEW.2.1.0.dylib; path = ../../../../../../usr/local/Cellar/glew/2.1.0/lib/libGLEW.2.1.0.dylib; sourceTree = "<group>"; };
		3C94D7CD1F42A01600F211FC /* minimal.vert */ = {isa = PBXFileReference; fileEncoding = 4; lastKnownFileType = sourcecode.glsl; path = minimal.vert; sourceTree = "<group>"; };
		3C94D7CF1F42A04300F211FC /* minimal.frag */ = {isa = PBXFileReference; fileEncoding = 4; lastKnownFileType = sourcecode.glsl; path = minimal.frag; sourceTree = "<group>"; };
		3CA1E4BD1F428E8D00B338EB /* Moo.app */ = {isa = PBXFileReference; explicitFileType = wrapper.application; includeInIndex = 0; path = Moo.app; sourceTree = BUILT_PRODUCTS_DIR; };
		3CA1E4C11F428E8D00B338EB /* MyProject-Info.plist */ = {isa = PBXFileReference; lastKnownFileType = text.plist.xml; path = "MyProject-Info.plist"; sourceTree = "<group>"; };
		3CA1E4C21F428E8D00B338EB /* ResourcePath.mm */ = {isa = PBXFileReference; lastKnownFileType = sourcecode.cpp.objcpp; path = ResourcePath.mm; sourceTree = "<group>"; };
		3CA1E4C41F428E8D00B338EB /* ResourcePath.hpp */ = {isa = PBXFileReference; lastKnownFileType = sourcecode.cpp.h; path = ResourcePath.hpp; sourceTree = "<group>"; };
		3CA1E4C51F428E8D00B338EB /* main.cpp */ = {isa = PBXFileReference; lastKnownFileType = sourcecode.cpp.cpp; path = main.cpp; sourceTree = "<group>"; };
		3CE34B7F1F4E97EA00EB0EAB /* helpers.hpp */ = {isa = PBXFileReference; fileEncoding = 4; lastKnownFileType = sourcecode.cpp.h; path = helpers.hpp; sourceTree = "<group>"; };
		3CE34B811F4E9AB200EB0EAB /* moo_includes.h */ = {isa = PBXFileReference; lastKnownFileType = sourcecode.c.h; path = moo_includes.h; sourceTree = "<group>"; };
		3CEAF3081F468E0A0004CC7E /* color.frag */ = {isa = PBXFileReference; fileEncoding = 4; lastKnownFileType = sourcecode.glsl; path = color.frag; sourceTree = "<group>"; };
		3CEAF3091F468E0A0004CC7E /* minimalTex.vert */ = {isa = PBXFileReference; fileEncoding = 4; lastKnownFileType = sourcecode.glsl; name = minimalTex.vert; path = src/minimalTex.vert; sourceTree = SOURCE_ROOT; };
		3CEAF30A1F468E0A0004CC7E /* water.jpg */ = {isa = PBXFileReference; lastKnownFileType = image.jpeg; path = water.jpg; sourceTree = "<group>"; };
/* End PBXFileReference section */

/* Begin PBXFrameworksBuildPhase section */
		3CA1E4B91F428E8D00B338EB /* Frameworks */ = {
			isa = PBXFrameworksBuildPhase;
			buildActionMask = 2147483647;
			files = (
				3C0DC5BB1F5652B800CA14F9 /* libglfw.3.2.dylib in Frameworks */,
				3C103D4D1F44050800935C61 /* libSOIL.a in Frameworks */,
				3C103D4B1F4404F600935C61 /* libSOIL.dylib in Frameworks */,
				3C94D7C51F429CF500F211FC /* libGLEW.2.1.0.dylib in Frameworks */,
				3C94D7C11F429B8100F211FC /* GLUT.framework in Frameworks */,
				3C94D7BF1F429B7A00F211FC /* OpenGL.framework in Frameworks */,
			);
			runOnlyForDeploymentPostprocessing = 0;
		};
/* End PBXFrameworksBuildPhase section */

/* Begin PBXGroup section */
		3C94D7BD1F429B7900F211FC /* Frameworks */ = {
			isa = PBXGroup;
			children = (
				3C0DC5BA1F5652B800CA14F9 /* libglfw.3.2.dylib */,
				3C103D4C1F44050800935C61 /* libSOIL.a */,
				3C103D4A1F4404F600935C61 /* libSOIL.dylib */,
				3C94D7C41F429CF500F211FC /* libGLEW.2.1.0.dylib */,
				3C94D7C21F429CC300F211FC /* lib */,
				3C94D7C01F429B8100F211FC /* GLUT.framework */,
				3C94D7BE1F429B7A00F211FC /* OpenGL.framework */,
			);
			name = Frameworks;
			sourceTree = "<group>";
		};
		3CA1E4B31F428E8D00B338EB = {
			isa = PBXGroup;
			children = (
				3CA1E4BF1F428E8D00B338EB /* src */,
				3CA1E4BE1F428E8D00B338EB /* Products */,
				3C94D7BD1F429B7900F211FC /* Frameworks */,
			);
			sourceTree = "<group>";
		};
		3CA1E4BE1F428E8D00B338EB /* Products */ = {
			isa = PBXGroup;
			children = (
				3CA1E4BD1F428E8D00B338EB /* Moo.app */,
			);
			name = Products;
			sourceTree = "<group>";
		};
		3CA1E4BF1F428E8D00B338EB /* src */ = {
			isa = PBXGroup;
			children = (
				3C00EF611F57EB9A00B71332 /* Game.h */,
				3C00EF601F57EB2F00B71332 /* Camera.h */,
				3C00EF5F1F57EA3A00B71332 /* Player.h */,
				3C00EF5E1F57EA1C00B71332 /* Shader.h */,
				3CA1E4C21F428E8D00B338EB /* ResourcePath.mm */,
				3CA1E4C41F428E8D00B338EB /* ResourcePath.hpp */,
				3CA1E4C51F428E8D00B338EB /* main.cpp */,
				3CA1E4C71F428E8D00B338EB /* Resources */,
				3CA1E4C01F428E8D00B338EB /* Supporting Files */,
				3CE34B7F1F4E97EA00EB0EAB /* helpers.hpp */,
				3CE34B811F4E9AB200EB0EAB /* moo_includes.h */,
			);
			path = src;
			sourceTree = "<group>";
		};
		3CA1E4C01F428E8D00B338EB /* Supporting Files */ = {
			isa = PBXGroup;
			children = (
				3CA1E4C11F428E8D00B338EB /* MyProject-Info.plist */,
			);
			name = "Supporting Files";
			sourceTree = "<group>";
		};
		3CA1E4C71F428E8D00B338EB /* Resources */ = {
			isa = PBXGroup;
			children = (
				3C0DC5C81F569FFA00CA14F9 /* skybox_back.png */,
				3C0DC5C91F569FFA00CA14F9 /* skybox_bottom.png */,
				3C0DC5CA1F569FFA00CA14F9 /* skybox_front.png */,
				3C0DC5CB1F569FFA00CA14F9 /* skybox_left.png */,
				3C0DC5CC1F569FFA00CA14F9 /* skybox_right.png */,
				3C0DC5CD1F569FFA00CA14F9 /* skybox_top.png */,
				3C0DC5C41F568C0400CA14F9 /* skybox.frag */,
				3C0DC5C51F568C0400CA14F9 /* skybox.vert */,
				3C0DC5C21F5688C500CA14F9 /* sky.png */,
				3C0DC5C01F56572700CA14F9 /* DirtGrass.png */,
				3C0DC5BE1F5653E500CA14F9 /* normalTexture.frag */,
				3CEAF3081F468E0A0004CC7E /* color.frag */,
				3CEAF3091F468E0A0004CC7E /* minimalTex.vert */,
				3CEAF30A1F468E0A0004CC7E /* water.jpg */,
				3C6C0DEB1F4418EE00A87ECD /* water.frag */,
				3C6C0DE91F44130700A87ECD /* dirt.jpg */,
				3C103D421F43F84E00935C61 /* grass.png */,
				3C94D7CD1F42A01600F211FC /* minimal.vert */,
				3C94D7CF1F42A04300F211FC /* minimal.frag */,
			);
			name = Resources;
			sourceTree = "<group>";
		};
/* End PBXGroup section */

/* Begin PBXNativeTarget section */
		3CA1E4BC1F428E8D00B338EB /* Moo */ = {
			isa = PBXNativeTarget;
			buildConfigurationList = 3CA1E4D21F428E8D00B338EB /* Build configuration list for PBXNativeTarget "Moo" */;
			buildPhases = (
				3CA1E4B81F428E8D00B338EB /* Sources */,
				3CA1E4B91F428E8D00B338EB /* Frameworks */,
				3CA1E4BA1F428E8D00B338EB /* Resources */,
				3CA1E4BB1F428E8D00B338EB /* ShellScript */,
				3C94D7CA1F429F8200F211FC /* CopyFiles */,
			);
			buildRules = (
			);
			dependencies = (
			);
			name = Moo;
			productName = Moo;
			productReference = 3CA1E4BD1F428E8D00B338EB /* Moo.app */;
			productType = "com.apple.product-type.application";
		};
/* End PBXNativeTarget section */

/* Begin PBXProject section */
		3CA1E4B41F428E8D00B338EB /* Project object */ = {
			isa = PBXProject;
			attributes = {
				LastUpgradeCheck = 0810;
				ORGANIZATIONNAME = "Ian Witherow";
				TargetAttributes = {
					3CA1E4BC1F428E8D00B338EB = {
						CreatedOnToolsVersion = 8.1;
						ProvisioningStyle = Automatic;
					};
				};
			};
			buildConfigurationList = 3CA1E4B71F428E8D00B338EB /* Build configuration list for PBXProject "Moo" */;
			compatibilityVersion = "Xcode 3.2";
			developmentRegion = English;
			hasScannedForEncodings = 0;
			knownRegions = (
				en,
			);
			mainGroup = 3CA1E4B31F428E8D00B338EB;
			productRefGroup = 3CA1E4BE1F428E8D00B338EB /* Products */;
			projectDirPath = "";
			projectRoot = "";
			targets = (
				3CA1E4BC1F428E8D00B338EB /* Moo */,
			);
		};
/* End PBXProject section */

/* Begin PBXResourcesBuildPhase section */
		3CA1E4BA1F428E8D00B338EB /* Resources */ = {
			isa = PBXResourcesBuildPhase;
			buildActionMask = 2147483647;
			files = (
				3C0DC5D31F569FFA00CA14F9 /* skybox_top.png in Resources */,
				3C103D431F43F84E00935C61 /* grass.png in Resources */,
				3C94D7CE1F42A01600F211FC /* minimal.vert in Resources */,
				3C6C0DEA1F44130700A87ECD /* dirt.jpg in Resources */,
				3C0DC5C71F568C0400CA14F9 /* skybox.vert in Resources */,
				3C0DC5CF1F569FFA00CA14F9 /* skybox_bottom.png in Resources */,
				3CEAF30D1F468E0A0004CC7E /* water.jpg in Resources */,
				3C0DC5BF1F5653E500CA14F9 /* normalTexture.frag in Resources */,
				3CEAF30C1F468E0A0004CC7E /* minimalTex.vert in Resources */,
				3C6C0DEC1F4418EE00A87ECD /* water.frag in Resources */,
				3C0DC5C11F56572700CA14F9 /* DirtGrass.png in Resources */,
				3C0DC5D21F569FFA00CA14F9 /* skybox_right.png in Resources */,
				3C94D7D01F42A04300F211FC /* minimal.frag in Resources */,
				3C0DC5D01F569FFA00CA14F9 /* skybox_front.png in Resources */,
				3C0DC5CE1F569FFA00CA14F9 /* skybox_back.png in Resources */,
				3C0DC5C61F568C0400CA14F9 /* skybox.frag in Resources */,
				3C0DC5C31F5688C500CA14F9 /* sky.png in Resources */,
				3CEAF30B1F468E0A0004CC7E /* color.frag in Resources */,
				3C0DC5D11F569FFA00CA14F9 /* skybox_left.png in Resources */,
			);
			runOnlyForDeploymentPostprocessing = 0;
		};
/* End PBXResourcesBuildPhase section */

/* Begin PBXShellScriptBuildPhase section */
		3CA1E4BB1F428E8D00B338EB /* ShellScript */ = {
			isa = PBXShellScriptBuildPhase;
			buildActionMask = 2147483647;
			files = (
			);
			inputPaths = (
			);
			outputPaths = (
			);
			runOnlyForDeploymentPostprocessing = 0;
			shellPath = /bin/sh;
			shellScript = "# This shell script simply copies required SFML dylibs/frameworks into the application bundle frameworks folder.\n# If you're using static libraries (which is not recommended) you should remove this script from your project.\n\n# SETTINGS\nCMAKE_INSTALL_FRAMEWORK_PREFIX=\"/Library/Frameworks\"\nCMAKE_INSTALL_LIB_PREFIX=\"/usr/local/lib\"\nFRAMEWORKS_FULL_PATH=\"$BUILT_PRODUCTS_DIR/$FRAMEWORKS_FOLDER_PATH/\"\n\n# Are we building a project that uses frameworks or dylibs?\ncase \"$SFML_BINARY_TYPE\" in\n    DYLIBS)\n        frameworks=\"false\"\n        ;;\n    *)\n        frameworks=\"true\"\n        ;;\nesac\n\n# Echoes to stderr\nerror () # $* message to display\n{\n    echo $* 1>&2\n    exit 2\n}\n\nassert () # $1 is a boolean, $2...N is an error message\n{\n    if [ $# -lt 2 ]\n    then\n        error \"Internal error in assert: not enough args\"\n    fi\n\n    if [ $1 -ne 0 ]\n    then\n        shift\n        error \"$*\"\n    fi\n}\n\nforce_remove () # $@ is some paths\n{\n    test $# -ge 1\n    assert $? \"force_remove() requires at least one parameter\"\n    rm -fr $@\n    assert $? \"couldn't remove $@\"\n}\n\ncopy () # $1 is a source, $2 is a destination\n{\n    test $# -eq 2\n    assert $? \"copy() requires two parameters\"\n    ditto \"$1\" \"$2\"\n    assert $? \"couldn't copy $1 to $2\"\n}\n\nrequire () # $1 is a SFML module like 'system' or 'audio'\n{\n    dest=\"$BUILT_PRODUCTS_DIR/$FRAMEWORKS_FOLDER_PATH/\"\n\n    if [ -z \"$1\" ]\n    then\n        error \"require() requires one parameter!\"\n    else\n        # clean potentially old stuff\n        force_remove \"$dest/libsfml-$1\"*\n        force_remove \"$dest/sfml-$1.framework\"\n\n        # copy SFML libraries\n        if [ \"$frameworks\" = \"true\" ]\n        then\n            source=\"$CMAKE_INSTALL_FRAMEWORK_PREFIX/sfml-$1.framework\"\n            target=\"sfml-$1.framework\"\n        elif [ \"$SFML_LINK_DYLIBS_SUFFIX\" = \"-d\" ]\n        then\n            source=\"$CMAKE_INSTALL_LIB_PREFIX/libsfml-$1-d.dylib\"\n            target=\"`readlink $source`\"\n        else\n            source=\"$CMAKE_INSTALL_LIB_PREFIX/libsfml-$1.dylib\"\n            target=\"`readlink $source`\"\n        fi\n\n        copy \"$source\" \"$dest/$target\"\n\n        # copy extra dependencies\n        if [ \"$1\" = \"audio\" ]\n        then\n            # copy \"FLAC\" \"ogg\" \"vorbis\" \"vorbisenc\" \"vorbisfile\" \"OpenAL\" frameworks too\n            for f in \"FLAC\" \"ogg\" \"vorbis\" \"vorbisenc\" \"vorbisfile\" \"OpenAL\"\n            do\n                copy \"$CMAKE_INSTALL_FRAMEWORK_PREFIX/$f.framework\" \"$dest/$f.framework\"\n            done\n        elif [ \"$1\" = \"graphics\" ]\n        then\n            copy \"$CMAKE_INSTALL_FRAMEWORK_PREFIX/freetype.framework\" \"$dest/freetype.framework\"\n        fi\n    fi\n}\n\nif [ -n \"$SFML_SYSTEM\" ]\nthen\n    require \"system\"\nfi\n\nif [ -n \"$SFML_AUDIO\" ]\nthen\n    require \"audio\"\nfi\n\nif [ -n \"$SFML_NETWORK\" ]\nthen\n    require \"network\"\nfi\n\nif [ -n \"$SFML_WINDOW\" ]\nthen\n    require \"window\"\nfi\n\nif [ -n \"$SFML_GRAPHICS\" ]\nthen\n    require \"graphics\"\nfi\n\n                ";
		};
/* End PBXShellScriptBuildPhase section */

/* Begin PBXSourcesBuildPhase section */
		3CA1E4B81F428E8D00B338EB /* Sources */ = {
			isa = PBXSourcesBuildPhase;
			buildActionMask = 2147483647;
			files = (
				3CA1E4C61F428E8D00B338EB /* main.cpp in Sources */,
				3CA1E4C31F428E8D00B338EB /* ResourcePath.mm in Sources */,
			);
			runOnlyForDeploymentPostprocessing = 0;
		};
/* End PBXSourcesBuildPhase section */

/* Begin XCBuildConfiguration section */
		3CA1E4D01F428E8D00B338EB /* Debug */ = {
			isa = XCBuildConfiguration;
			buildSettings = {
				ARCHS = "$(NATIVE_ARCH_ACTUAL)";
				CLANG_CXX_LANGUAGE_STANDARD = "c++0x";
				CLANG_CXX_LIBRARY = "libc++";
				FRAMEWORK_SEARCH_PATHS = (
					/Library/Frameworks/,
					"$(inherited)",
				);
				GCC_VERSION = com.apple.compilers.llvm.clang.1_0;
				HEADER_SEARCH_PATHS = (
					/usr/local/include/,
					"$(inherited)",
				);
				LIBRARY_SEARCH_PATHS = (
					/usr/local/lib/,
					"$(inherited)",
				);
				MACOSX_DEPLOYMENT_TARGET = 10.7;
				OTHER_LDFLAGS = (
					"$(inherited)",
					"$(SFML_SYSTEM)",
					"$(SFML_WINDOW)",
					"$(SFML_GRAPHICS)",
					"$(SFML_AUDIO)",
					"$(SFML_NETWORK)",
				);
				SFML_AUDIO = "$(SFML_LINK_PREFIX) sfml-audio$(SFML_LINK_SUFFIX)";
				SFML_BINARY_TYPE = FRAMEWORKS;
				SFML_GRAPHICS = "$(SFML_LINK_PREFIX) sfml-graphics$(SFML_LINK_SUFFIX)";
				SFML_LINK_DYLIBS_PREFIX = "-l";
				SFML_LINK_DYLIBS_SUFFIX = "";
				SFML_LINK_FRAMEWORKS_PREFIX = "-framework";
				SFML_LINK_FRAMEWORKS_SUFFIX = "";
				SFML_LINK_PREFIX = "$(SFML_LINK_$(SFML_BINARY_TYPE)_PREFIX)";
				SFML_LINK_SUFFIX = "$(SFML_LINK_$(SFML_BINARY_TYPE)_SUFFIX)";
				SFML_NETWORK = "$(SFML_LINK_PREFIX) sfml-network$(SFML_LINK_SUFFIX)";
				SFML_SYSTEM = "$(SFML_LINK_PREFIX) sfml-system$(SFML_LINK_SUFFIX)";
				SFML_WINDOW = "$(SFML_LINK_PREFIX) sfml-window$(SFML_LINK_SUFFIX)";
				SUPPORTED_PLATFORMS = macosx;
			};
			name = Debug;
		};
		3CA1E4D11F428E8D00B338EB /* Release */ = {
			isa = XCBuildConfiguration;
			buildSettings = {
				ARCHS = "$(NATIVE_ARCH_ACTUAL)";
				CLANG_CXX_LANGUAGE_STANDARD = "c++0x";
				CLANG_CXX_LIBRARY = "libc++";
				FRAMEWORK_SEARCH_PATHS = (
					/Library/Frameworks/,
					"$(inherited)",
				);
				GCC_VERSION = com.apple.compilers.llvm.clang.1_0;
				HEADER_SEARCH_PATHS = (
					/usr/local/include/,
					"$(inherited)",
				);
				LIBRARY_SEARCH_PATHS = (
					/usr/local/lib/,
					"$(inherited)",
				);
				MACOSX_DEPLOYMENT_TARGET = 10.7;
				OTHER_LDFLAGS = (
					"$(inherited)",
					"$(SFML_SYSTEM)",
					"$(SFML_WINDOW)",
					"$(SFML_GRAPHICS)",
					"$(SFML_AUDIO)",
					"$(SFML_NETWORK)",
				);
				SFML_AUDIO = "$(SFML_LINK_PREFIX) sfml-audio$(SFML_LINK_SUFFIX)";
				SFML_BINARY_TYPE = FRAMEWORKS;
				SFML_GRAPHICS = "$(SFML_LINK_PREFIX) sfml-graphics$(SFML_LINK_SUFFIX)";
				SFML_LINK_DYLIBS_PREFIX = "-l";
				SFML_LINK_DYLIBS_SUFFIX = "";
				SFML_LINK_FRAMEWORKS_PREFIX = "-framework";
				SFML_LINK_FRAMEWORKS_SUFFIX = "";
				SFML_LINK_PREFIX = "$(SFML_LINK_$(SFML_BINARY_TYPE)_PREFIX)";
				SFML_LINK_SUFFIX = "$(SFML_LINK_$(SFML_BINARY_TYPE)_SUFFIX)";
				SFML_NETWORK = "$(SFML_LINK_PREFIX) sfml-network$(SFML_LINK_SUFFIX)";
				SFML_SYSTEM = "$(SFML_LINK_PREFIX) sfml-system$(SFML_LINK_SUFFIX)";
				SFML_WINDOW = "$(SFML_LINK_PREFIX) sfml-window$(SFML_LINK_SUFFIX)";
				SUPPORTED_PLATFORMS = macosx;
			};
			name = Release;
		};
		3CA1E4D31F428E8D00B338EB /* Debug */ = {
			isa = XCBuildConfiguration;
			buildSettings = {
				CLANG_CXX_LANGUAGE_STANDARD = "c++14";
				CLANG_CXX_LIBRARY = "libc++";
				HEADER_SEARCH_PATHS = (
					/usr/local/include/,
					"$(inherited)",
					/usr/local/Cellar/glew/2.1.0/include,
					/usr/local/Cellar/freeglut/3.0.0/include,
					/opt/local/include,
					/Users/ian/Downloads/glm2,
					/usr/local/Cellar/glfw/3.2.1/include,
				);
				INFOPLIST_FILE = "src/MyProject-Info.plist";
				LD_RUNPATH_SEARCH_PATHS = "@loader_path/../Frameworks /usr/local/Cellar/glew/2.1.0/lib /opt/local/lib /usr/local/Cellar/freeglut/3.0.0/lib /usr/local/Cellar/glfw/3.2.1/lib";
				LIBRARY_SEARCH_PATHS = (
					/usr/local/lib/,
					"$(inherited)",
					/usr/local/Cellar/glew/2.1.0/lib,
					/usr/local/Cellar/freeglut/3.0.0/lib,
					/opt/local/lib,
					/usr/local/Cellar/glfw/3.2.1/lib,
				);
				MACH_O_TYPE = mh_execute;
				OTHER_CPLUSPLUSFLAGS = (
					"-std=c++11",
					"-Wall",
					"-Wno-c++11-extensions",
					"$(OTHER_CFLAGS)",
				);
				PRODUCT_NAME = "$(TARGET_NAME)";
			};
			name = Debug;
		};
		3CA1E4D41F428E8D00B338EB /* Release */ = {
			isa = XCBuildConfiguration;
			buildSettings = {
				CLANG_CXX_LANGUAGE_STANDARD = "c++14";
				CLANG_CXX_LIBRARY = "libc++";
				HEADER_SEARCH_PATHS = (
					/usr/local/include/,
					"$(inherited)",
					/usr/local/Cellar/glew/2.1.0/include,
					/usr/local/Cellar/freeglut/3.0.0/include,
					/opt/local/include,
					/Users/ian/Downloads/glm2,
					/usr/local/Cellar/glfw/3.2.1/include,
				);
				INFOPLIST_FILE = "src/MyProject-Info.plist";
				LD_RUNPATH_SEARCH_PATHS = "@loader_path/../Frameworks /usr/local/Cellar/glew/2.1.0/lib /opt/local/lib /usr/local/Cellar/freeglut/3.0.0/lib /usr/local/Cellar/glfw/3.2.1/lib";
				LIBRARY_SEARCH_PATHS = (
					/usr/local/lib/,
					"$(inherited)",
					/usr/local/Cellar/glew/2.1.0/lib,
					/usr/local/Cellar/freeglut/3.0.0/lib,
					/opt/local/lib,
					/usr/local/Cellar/glfw/3.2.1/lib,
				);
				MACH_O_TYPE = mh_execute;
				OTHER_CPLUSPLUSFLAGS = (
					"-std=c++11",
					"-Wall",
					"-Wno-c++11-extensions",
					"$(OTHER_CFLAGS)",
				);
				PRODUCT_NAME = "$(TARGET_NAME)";
			};
			name = Release;
		};
/* End XCBuildConfiguration section */

/* Begin XCConfigurationList section */
		3CA1E4B71F428E8D00B338EB /* Build configuration list for PBXProject "Moo" */ = {
			isa = XCConfigurationList;
			buildConfigurations = (
				3CA1E4D01F428E8D00B338EB /* Debug */,
				3CA1E4D11F428E8D00B338EB /* Release */,
			);
			defaultConfigurationIsVisible = 0;
			defaultConfigurationName = Release;
		};
		3CA1E4D21F428E8D00B338EB /* Build configuration list for PBXNativeTarget "Moo" */ = {
			isa = XCConfigurationList;
			buildConfigurations = (
				3CA1E4D31F428E8D00B338EB /* Debug */,
				3CA1E4D41F428E8D00B338EB /* Release */,
			);
			defaultConfigurationIsVisible = 0;
			defaultConfigurationName = Release;
		};
/* End XCConfigurationList section */
	};
	rootObject = 3CA1E4B41F428E8D00B338EB /* Project object */;
}
